
Microsoft Visual Studio Solution File, Format Version 12.00
# Visual Studio Version 17
VisualStudioVersion = 17.4.33213.308
MinimumVisualStudioVersion = 10.0.40219.1
Project("{FAE04EC0-301F-11D3-BF4B-00C04F79EFBC}") = "WebChat", "WebChat\WebChat.csproj", "{7EB76ADB-4596-4B62-A3CB-5BAE774F42C2}"
EndProject
Global
	GlobalSection(SolutionConfigurationPlatforms) = preSolution
		Debug|Any CPU = Debug|Any CPU
		Release|Any CPU = Release|Any CPU
	EndGlobalSection
	GlobalSection(ProjectConfigurationPlatforms) = postSolution
		{7EB76ADB-4596-4B62-A3CB-5BAE774F42C2}.Debug|Any CPU.ActiveCfg = Debug|Any CPU
		{7EB76ADB-4596-4B62-A3CB-5BAE774F42C2}.Debug|Any CPU.Build.0 = Debug|Any CPU
		{7EB76ADB-4596-4B62-A3CB-5BAE774F42C2}.Release|Any CPU.ActiveCfg = Release|Any CPU
		{7EB76ADB-4596-4B62-A3CB-5BAE774F42C2}.Release|Any CPU.Build.0 = Release|Any CPU
	EndGlobalSection
	GlobalSection(SolutionProperties) = preSolution
		HideSolutionNode = FALSE
	EndGlobalSection
	GlobalSection(ExtensibilityGlobals) = postSolution
		SolutionGuid = {EB423B27-25D2-403E-880B-A26B2B0B259C}
	EndGlobalSection
EndGlobal
